// !$*UTF8*$!
{
	archiveVersion = 1;
	classes = {
	};
	objectVersion = 50;
	objects = {

/* Begin PBXBuildFile section */
		5905CCA7232EE15400251BA4 /* AppDelegate.swift in Sources */ = {isa = PBXBuildFile; fileRef = 5905CCA6232EE15400251BA4 /* AppDelegate.swift */; };
		5905CCA9232EE15400251BA4 /* ViewController.swift in Sources */ = {isa = PBXBuildFile; fileRef = 5905CCA8232EE15400251BA4 /* ViewController.swift */; };
		5905CCAC232EE15400251BA4 /* Main.storyboard in Resources */ = {isa = PBXBuildFile; fileRef = 5905CCAA232EE15400251BA4 /* Main.storyboard */; };
		5905CCAE232EE15500251BA4 /* Assets.xcassets in Resources */ = {isa = PBXBuildFile; fileRef = 5905CCAD232EE15500251BA4 /* Assets.xcassets */; };
		5905CCB1232EE15500251BA4 /* LaunchScreen.storyboard in Resources */ = {isa = PBXBuildFile; fileRef = 5905CCAF232EE15500251BA4 /* LaunchScreen.storyboard */; };
		5905CCBC232EE15500251BA4 /* TechtaGramTests.swift in Sources */ = {isa = PBXBuildFile; fileRef = 5905CCBB232EE15500251BA4 /* TechtaGramTests.swift */; };
		5905CCC7232EE15500251BA4 /* TechtaGramUITests.swift in Sources */ = {isa = PBXBuildFile; fileRef = 5905CCC6232EE15500251BA4 /* TechtaGramUITests.swift */; };
/* End PBXBuildFile section */

/* Begin PBXContainerItemProxy section */
		5905CCB8232EE15500251BA4 /* PBXContainerItemProxy */ = {
			isa = PBXContainerItemProxy;
			containerPortal = 5905CC9B232EE15400251BA4 /* Project object */;
			proxyType = 1;
			remoteGlobalIDString = 5905CCA2232EE15400251BA4;
			remoteInfo = TechtaGram;
		};
		5905CCC3232EE15500251BA4 /* PBXContainerItemProxy */ = {
			isa = PBXContainerItemProxy;
			containerPortal = 5905CC9B232EE15400251BA4 /* Project object */;
			proxyType = 1;
			remoteGlobalIDString = 5905CCA2232EE15400251BA4;
			remoteInfo = TechtaGram;
		};
/* End PBXContainerItemProxy section */

/* Begin PBXFileReference section */
		5905CCA3232EE15400251BA4 /* TechtaGram.app */ = {isa = PBXFileReference; explicitFileType = wrapper.application; includeInIndex = 0; path = TechtaGram.app; sourceTree = BUILT_PRODUCTS_DIR; };
		5905CCA6232EE15400251BA4 /* AppDelegate.swift */ = {isa = PBXFileReference; lastKnownFileType = sourcecode.swift; path = AppDelegate.swift; sourceTree = "<group>"; };
		5905CCA8232EE15400251BA4 /* ViewController.swift */ = {isa = PBXFileReference; lastKnownFileType = sourcecode.swift; path = ViewController.swift; sourceTree = "<group>"; };
		5905CCAB232EE15400251BA4 /* Base */ = {isa = PBXFileReference; lastKnownFileType = file.storyboard; name = Base; path = Base.lproj/Main.storyboard; sourceTree = "<group>"; };
		5905CCAD232EE15500251BA4 /* Assets.xcassets */ = {isa = PBXFileReference; lastKnownFileType = folder.assetcatalog; path = Assets.xcassets; sourceTree = "<group>"; };
		5905CCB0232EE15500251BA4 /* Base */ = {isa = PBXFileReference; lastKnownFileType = file.storyboard; name = Base; path = Base.lproj/LaunchScreen.storyboard; sourceTree = "<group>"; };
		5905CCB2232EE15500251BA4 /* Info.plist */ = {isa = PBXFileReference; lastKnownFileType = text.plist.xml; path = Info.plist; sourceTree = "<group>"; };
		5905CCB7232EE15500251BA4 /* TechtaGramTests.xctest */ = {isa = PBXFileReference; explicitFileType = wrapper.cfbundle; includeInIndex = 0; path = TechtaGramTests.xctest; sourceTree = BUILT_PRODUCTS_DIR; };
		5905CCBB232EE15500251BA4 /* TechtaGramTests.swift */ = {isa = PBXFileReference; lastKnownFileType = sourcecode.swift; path = TechtaGramTests.swift; sourceTree = "<group>"; };
		5905CCBD232EE15500251BA4 /* Info.plist */ = {isa = PBXFileReference; lastKnownFileType = text.plist.xml; path = Info.plist; sourceTree = "<group>"; };
		5905CCC2232EE15500251BA4 /* TechtaGramUITests.xctest */ = {isa = PBXFileReference; explicitFileType = wrapper.cfbundle; includeInIndex = 0; path = TechtaGramUITests.xctest; sourceTree = BUILT_PRODUCTS_DIR; };
		5905CCC6232EE15500251BA4 /* TechtaGramUITests.swift */ = {isa = PBXFileReference; lastKnownFileType = sourcecode.swift; path = TechtaGramUITests.swift; sourceTree = "<group>"; };
		5905CCC8232EE15500251BA4 /* Info.plist */ = {isa = PBXFileReference; lastKnownFileType = text.plist.xml; path = Info.plist; sourceTree = "<group>"; };
/* End PBXFileReference section */

/* Begin PBXFrameworksBuildPhase section */
		5905CCA0232EE15400251BA4 /* Frameworks */ = {
			isa = PBXFrameworksBuildPhase;
			buildActionMask = 2147483647;
			files = (
			);
			runOnlyForDeploymentPostprocessing = 0;
		};
		5905CCB4232EE15500251BA4 /* Frameworks */ = {
			isa = PBXFrameworksBuildPhase;
			buildActionMask = 2147483647;
			files = (
			);
			runOnlyForDeploymentPostprocessing = 0;
		};
		5905CCBF232EE15500251BA4 /* Frameworks */ = {
			isa = PBXFrameworksBuildPhase;
			buildActionMask = 2147483647;
			files = (
			);
			runOnlyForDeploymentPostprocessing = 0;
		};
/* End PBXFrameworksBuildPhase section */

/* Begin PBXGroup section */
		5905CC9A232EE15400251BA4 = {
			isa = PBXGroup;
			children = (
				5905CCA5232EE15400251BA4 /* TechtaGram */,
				5905CCBA232EE15500251BA4 /* TechtaGramTests */,
				5905CCC5232EE15500251BA4 /* TechtaGramUITests */,
				5905CCA4232EE15400251BA4 /* Products */,
			);
			sourceTree = "<group>";
		};
		5905CCA4232EE15400251BA4 /* Products */ = {
			isa = PBXGroup;
			children = (
				5905CCA3232EE15400251BA4 /* TechtaGram.app */,
				5905CCB7232EE15500251BA4 /* TechtaGramTests.xctest */,
				5905CCC2232EE15500251BA4 /* TechtaGramUITests.xctest */,
			);
			name = Products;
			sourceTree = "<group>";
		};
		5905CCA5232EE15400251BA4 /* TechtaGram */ = {
			isa = PBXGroup;
			children = (
				5905CCA6232EE15400251BA4 /* AppDelegate.swift */,
				5905CCA8232EE15400251BA4 /* ViewController.swift */,
				5905CCAA232EE15400251BA4 /* Main.storyboard */,
				5905CCAD232EE15500251BA4 /* Assets.xcassets */,
				5905CCAF232EE15500251BA4 /* LaunchScreen.storyboard */,
				5905CCB2232EE15500251BA4 /* Info.plist */,
			);
			path = TechtaGram;
			sourceTree = "<group>";
		};
		5905CCBA232EE15500251BA4 /* TechtaGramTests */ = {
			isa = PBXGroup;
			children = (
				5905CCBB232EE15500251BA4 /* TechtaGramTests.swift */,
				5905CCBD232EE15500251BA4 /* Info.plist */,
			);
			path = TechtaGramTests;
			sourceTree = "<group>";
		};
		5905CCC5232EE15500251BA4 /* TechtaGramUITests */ = {
			isa = PBXGroup;
			children = (
				5905CCC6232EE15500251BA4 /* TechtaGramUITests.swift */,
				5905CCC8232EE15500251BA4 /* Info.plist */,
			);
			path = TechtaGramUITests;
			sourceTree = "<group>";
		};
/* End PBXGroup section */

/* Begin PBXNativeTarget section */
		5905CCA2232EE15400251BA4 /* TechtaGram */ = {
			isa = PBXNativeTarget;
			buildConfigurationList = 5905CCCB232EE15500251BA4 /* Build configuration list for PBXNativeTarget "TechtaGram" */;
			buildPhases = (
				5905CC9F232EE15400251BA4 /* Sources */,
				5905CCA0232EE15400251BA4 /* Frameworks */,
				5905CCA1232EE15400251BA4 /* Resources */,
			);
			buildRules = (
			);
			dependencies = (
			);
			name = TechtaGram;
			productName = TechtaGram;
			productReference = 5905CCA3232EE15400251BA4 /* TechtaGram.app */;
			productType = "com.apple.product-type.application";
		};
		5905CCB6232EE15500251BA4 /* TechtaGramTests */ = {
			isa = PBXNativeTarget;
			buildConfigurationList = 5905CCCE232EE15500251BA4 /* Build configuration list for PBXNativeTarget "TechtaGramTests" */;
			buildPhases = (
				5905CCB3232EE15500251BA4 /* Sources */,
				5905CCB4232EE15500251BA4 /* Frameworks */,
				5905CCB5232EE15500251BA4 /* Resources */,
			);
			buildRules = (
			);
			dependencies = (
				5905CCB9232EE15500251BA4 /* PBXTargetDependency */,
			);
			name = TechtaGramTests;
			productName = TechtaGramTests;
			productReference = 5905CCB7232EE15500251BA4 /* TechtaGramTests.xctest */;
			productType = "com.apple.product-type.bundle.unit-test";
		};
		5905CCC1232EE15500251BA4 /* TechtaGramUITests */ = {
			isa = PBXNativeTarget;
			buildConfigurationList = 5905CCD1232EE15500251BA4 /* Build configuration list for PBXNativeTarget "TechtaGramUITests" */;
			buildPhases = (
				5905CCBE232EE15500251BA4 /* Sources */,
				5905CCBF232EE15500251BA4 /* Frameworks */,
				5905CCC0232EE15500251BA4 /* Resources */,
			);
			buildRules = (
			);
			dependencies = (
				5905CCC4232EE15500251BA4 /* PBXTargetDependency */,
			);
			name = TechtaGramUITests;
			productName = TechtaGramUITests;
			productReference = 5905CCC2232EE15500251BA4 /* TechtaGramUITests.xctest */;
			productType = "com.apple.product-type.bundle.ui-testing";
		};
/* End PBXNativeTarget section */

/* Begin PBXProject section */
		5905CC9B232EE15400251BA4 /* Project object */ = {
			isa = PBXProject;
			attributes = {
				LastSwiftUpdateCheck = 1030;
				LastUpgradeCheck = 1030;
				ORGANIZATIONNAME = "笠原未来";
				TargetAttributes = {
					5905CCA2232EE15400251BA4 = {
						CreatedOnToolsVersion = 10.3;
					};
					5905CCB6232EE15500251BA4 = {
						CreatedOnToolsVersion = 10.3;
						TestTargetID = 5905CCA2232EE15400251BA4;
					};
					5905CCC1232EE15500251BA4 = {
						CreatedOnToolsVersion = 10.3;
						TestTargetID = 5905CCA2232EE15400251BA4;
					};
				};
			};
			buildConfigurationList = 5905CC9E232EE15400251BA4 /* Build configuration list for PBXProject "TechtaGram" */;
			compatibilityVersion = "Xcode 9.3";
			developmentRegion = en;
			hasScannedForEncodings = 0;
			knownRegions = (
				en,
				Base,
			);
			mainGroup = 5905CC9A232EE15400251BA4;
			productRefGroup = 5905CCA4232EE15400251BA4 /* Products */;
			projectDirPath = "";
			projectRoot = "";
			targets = (
				5905CCA2232EE15400251BA4 /* TechtaGram */,
				5905CCB6232EE15500251BA4 /* TechtaGramTests */,
				5905CCC1232EE15500251BA4 /* TechtaGramUITests */,
			);
		};
/* End PBXProject section */

/* Begin PBXResourcesBuildPhase section */
		5905CCA1232EE15400251BA4 /* Resources */ = {
			isa = PBXResourcesBuildPhase;
			buildActionMask = 2147483647;
			files = (
				5905CCB1232EE15500251BA4 /* LaunchScreen.storyboard in Resources */,
				5905CCAE232EE15500251BA4 /* Assets.xcassets in Resources */,
				5905CCAC232EE15400251BA4 /* Main.storyboard in Resources */,
			);
			runOnlyForDeploymentPostprocessing = 0;
		};
		5905CCB5232EE15500251BA4 /* Resources */ = {
			isa = PBXResourcesBuildPhase;
			buildActionMask = 2147483647;
			files = (
			);
			runOnlyForDeploymentPostprocessing = 0;
		};
		5905CCC0232EE15500251BA4 /* Resources */ = {
			isa = PBXResourcesBuildPhase;
			buildActionMask = 2147483647;
			files = (
			);
			runOnlyForDeploymentPostprocessing = 0;
		};
/* End PBXResourcesBuildPhase section */

/* Begin PBXSourcesBuildPhase section */
		5905CC9F232EE15400251BA4 /* Sources */ = {
			isa = PBXSourcesBuildPhase;
			buildActionMask = 2147483647;
			files = (
				5905CCA9232EE15400251BA4 /* ViewController.swift in Sources */,
				5905CCA7232EE15400251BA4 /* AppDelegate.swift in Sources */,
			);
			runOnlyForDeploymentPostprocessing = 0;
		};
		5905CCB3232EE15500251BA4 /* Sources */ = {
			isa = PBXSourcesBuildPhase;
			buildActionMask = 2147483647;
			files = (
				5905CCBC232EE15500251BA4 /* TechtaGramTests.swift in Sources */,
			);
			runOnlyForDeploymentPostprocessing = 0;
		};
		5905CCBE232EE15500251BA4 /* Sources */ = {
			isa = PBXSourcesBuildPhase;
			buildActionMask = 2147483647;
			files = (
				5905CCC7232EE15500251BA4 /* TechtaGramUITests.swift in Sources */,
			);
			runOnlyForDeploymentPostprocessing = 0;
		};
/* End PBXSourcesBuildPhase section */

/* Begin PBXTargetDependency section */
		5905CCB9232EE15500251BA4 /* PBXTargetDependency */ = {
			isa = PBXTargetDependency;
			target = 5905CCA2232EE15400251BA4 /* TechtaGram */;
			targetProxy = 5905CCB8232EE15500251BA4 /* PBXContainerItemProxy */;
		};
		5905CCC4232EE15500251BA4 /* PBXTargetDependency */ = {
			isa = PBXTargetDependency;
			target = 5905CCA2232EE15400251BA4 /* TechtaGram */;
			targetProxy = 5905CCC3232EE15500251BA4 /* PBXContainerItemProxy */;
		};
/* End PBXTargetDependency section */

/* Begin PBXVariantGroup section */
		5905CCAA232EE15400251BA4 /* Main.storyboard */ = {
			isa = PBXVariantGroup;
			children = (
				5905CCAB232EE15400251BA4 /* Base */,
			);
			name = Main.storyboard;
			sourceTree = "<group>";
		};
		5905CCAF232EE15500251BA4 /* LaunchScreen.storyboard */ = {
			isa = PBXVariantGroup;
			children = (
				5905CCB0232EE15500251BA4 /* Base */,
			);
			name = LaunchScreen.storyboard;
			sourceTree = "<group>";
		};
/* End PBXVariantGroup section */

/* Begin XCBuildConfiguration section */
		5905CCC9232EE15500251BA4 /* Debug */ = {
			isa = XCBuildConfiguration;
			buildSettings = {
				ALWAYS_SEARCH_USER_PATHS = NO;
				CLANG_ANALYZER_NONNULL = YES;
				CLANG_ANALYZER_NUMBER_OBJECT_CONVERSION = YES_AGGRESSIVE;
				CLANG_CXX_LANGUAGE_STANDARD = "gnu++14";
				CLANG_CXX_LIBRARY = "libc++";
				CLANG_ENABLE_MODULES = YES;
				CLANG_ENABLE_OBJC_ARC = YES;
				CLANG_ENABLE_OBJC_WEAK = YES;
				CLANG_WARN_BLOCK_CAPTURE_AUTORELEASING = YES;
				CLANG_WARN_BOOL_CONVERSION = YES;
				CLANG_WARN_COMMA = YES;
				CLANG_WARN_CONSTANT_CONVERSION = YES;
				CLANG_WARN_DEPRECATED_OBJC_IMPLEMENTATIONS = YES;
				CLANG_WARN_DIRECT_OBJC_ISA_USAGE = YES_ERROR;
				CLANG_WARN_DOCUMENTATION_COMMENTS = YES;
				CLANG_WARN_EMPTY_BODY = YES;
				CLANG_WARN_ENUM_CONVERSION = YES;
				CLANG_WARN_INFINITE_RECURSION = YES;
				CLANG_WARN_INT_CONVERSION = YES;
				CLANG_WARN_NON_LITERAL_NULL_CONVERSION = YES;
				CLANG_WARN_OBJC_IMPLICIT_RETAIN_SELF = YES;
				CLANG_WARN_OBJC_LITERAL_CONVERSION = YES;
				CLANG_WARN_OBJC_ROOT_CLASS = YES_ERROR;
				CLANG_WARN_RANGE_LOOP_ANALYSIS = YES;
				CLANG_WARN_STRICT_PROTOTYPES = YES;
				CLANG_WARN_SUSPICIOUS_MOVE = YES;
				CLANG_WARN_UNGUARDED_AVAILABILITY = YES_AGGRESSIVE;
				CLANG_WARN_UNREACHABLE_CODE = YES;
				CLANG_WARN__DUPLICATE_METHOD_MATCH = YES;
				CODE_SIGN_IDENTITY = "iPhone Developer";
				COPY_PHASE_STRIP = NO;
				DEBUG_INFORMATION_FORMAT = dwarf;
				ENABLE_STRICT_OBJC_MSGSEND = YES;
				ENABLE_TESTABILITY = YES;
				GCC_C_LANGUAGE_STANDARD = gnu11;
				GCC_DYNAMIC_NO_PIC = NO;
				GCC_NO_COMMON_BLOCKS = YES;
				GCC_OPTIMIZATION_LEVEL = 0;
				GCC_PREPROCESSOR_DEFINITIONS = (
					"DEBUG=1",
					"$(inherited)",
				);
				GCC_WARN_64_TO_32_BIT_CONVERSION = YES;
				GCC_WARN_ABOUT_RETURN_TYPE = YES_ERROR;
				GCC_WARN_UNDECLARED_SELECTOR = YES;
				GCC_WARN_UNINITIALIZED_AUTOS = YES_AGGRESSIVE;
				GCC_WARN_UNUSED_FUNCTION = YES;
				GCC_WARN_UNUSED_VARIABLE = YES;
				IPHONEOS_DEPLOYMENT_TARGET = 12.4;
				MTL_ENABLE_DEBUG_INFO = INCLUDE_SOURCE;
				MTL_FAST_MATH = YES;
				ONLY_ACTIVE_ARCH = YES;
				SDKROOT = iphoneos;
				SWIFT_ACTIVE_COMPILATION_CONDITIONS = DEBUG;
				SWIFT_OPTIMIZATION_LEVEL = "-Onone";
			};
			name = Debug;
		};
		5905CCCA232EE15500251BA4 /* Release */ = {
			isa = XCBuildConfiguration;
			buildSettings = {
				ALWAYS_SEARCH_USER_PATHS = NO;
				CLANG_ANALYZER_NONNULL = YES;
				CLANG_ANALYZER_NUMBER_OBJECT_CONVERSION = YES_AGGRESSIVE;
				CLANG_CXX_LANGUAGE_STANDARD = "gnu++14";
				CLANG_CXX_LIBRARY = "libc++";
				CLANG_ENABLE_MODULES = YES;
				CLANG_ENABLE_OBJC_ARC = YES;
				CLANG_ENABLE_OBJC_WEAK = YES;
				CLANG_WARN_BLOCK_CAPTURE_AUTORELEASING = YES;
				CLANG_WARN_BOOL_CONVERSION = YES;
				CLANG_WARN_COMMA = YES;
				CLANG_WARN_CONSTANT_CONVERSION = YES;
				CLANG_WARN_DEPRECATED_OBJC_IMPLEMENTATIONS = YES;
				CLANG_WARN_DIRECT_OBJC_ISA_USAGE = YES_ERROR;
				CLANG_WARN_DOCUMENTATION_COMMENTS = YES;
				CLANG_WARN_EMPTY_BODY = YES;
				CLANG_WARN_ENUM_CONVERSION = YES;
				CLANG_WARN_INFINITE_RECURSION = YES;
				CLANG_WARN_INT_CONVERSION = YES;
				CLANG_WARN_NON_LITERAL_NULL_CONVERSION = YES;
				CLANG_WARN_OBJC_IMPLICIT_RETAIN_SELF = YES;
				CLANG_WARN_OBJC_LITERAL_CONVERSION = YES;
				CLANG_WARN_OBJC_ROOT_CLASS = YES_ERROR;
				CLANG_WARN_RANGE_LOOP_ANALYSIS = YES;
				CLANG_WARN_STRICT_PROTOTYPES = YES;
				CLANG_WARN_SUSPICIOUS_MOVE = YES;
				CLANG_WARN_UNGUARDED_AVAILABILITY = YES_AGGRESSIVE;
				CLANG_WARN_UNREACHABLE_CODE = YES;
				CLANG_WARN__DUPLICATE_METHOD_MATCH = YES;
				CODE_SIGN_IDENTITY = "iPhone Developer";
				COPY_PHASE_STRIP = NO;
				DEBUG_INFORMATION_FORMAT = "dwarf-with-dsym";
				ENABLE_NS_ASSERTIONS = NO;
				ENABLE_STRICT_OBJC_MSGSEND = YES;
				GCC_C_LANGUAGE_STANDARD = gnu11;
				GCC_NO_COMMON_BLOCKS = YES;
				GCC_WARN_64_TO_32_BIT_CONVERSION = YES;
				GCC_WARN_ABOUT_RETURN_TYPE = YES_ERROR;
				GCC_WARN_UNDECLARED_SELECTOR = YES;
				GCC_WARN_UNINITIALIZED_AUTOS = YES_AGGRESSIVE;
				GCC_WARN_UNUSED_FUNCTION = YES;
				GCC_WARN_UNUSED_VARIABLE = YES;
				IPHONEOS_DEPLOYMENT_TARGET = 12.4;
				MTL_ENABLE_DEBUG_INFO = NO;
				MTL_FAST_MATH = YES;
				SDKROOT = iphoneos;
				SWIFT_COMPILATION_MODE = wholemodule;
				SWIFT_OPTIMIZATION_LEVEL = "-O";
				VALIDATE_PRODUCT = YES;
			};
			name = Release;
		};
		5905CCCC232EE15500251BA4 /* Debug */ = {
			isa = XCBuildConfiguration;
			buildSettings = {
				ASSETCATALOG_COMPILER_APPICON_NAME = AppIcon;
				CODE_SIGN_STYLE = Automatic;
				DEVELOPMENT_TEAM = FQ44R4777H;
				INFOPLIST_FILE = TechtaGram/Info.plist;
				LD_RUNPATH_SEARCH_PATHS = (
					"$(inherited)",
					"@executable_path/Frameworks",
				);
				PRODUCT_BUNDLE_IDENTIFIER = com.mikukasahara.TechtaGram;
				PRODUCT_NAME = "$(TARGET_NAME)";
				SWIFT_VERSION = 5.0;
				TARGETED_DEVICE_FAMILY = "1,2";
			};
			name = Debug;
		};
		5905CCCD232EE15500251BA4 /* Release */ = {
			isa = XCBuildConfiguration;
			buildSettings = {
				ASSETCATALOG_COMPILER_APPICON_NAME = AppIcon;
				CODE_SIGN_STYLE = Automatic;
				DEVELOPMENT_TEAM = FQ44R4777H;
				INFOPLIST_FILE = TechtaGram/Info.plist;
				LD_RUNPATH_SEARCH_PATHS = (
					"$(inherited)",
					"@executable_path/Frameworks",
				);
				PRODUCT_BUNDLE_IDENTIFIER = com.mikukasahara.TechtaGram;
				PRODUCT_NAME = "$(TARGET_NAME)";
				SWIFT_VERSION = 5.0;
				TARGETED_DEVICE_FAMILY = "1,2";
			};
			name = Release;
		};
		5905CCCF232EE15500251BA4 /* Debug */ = {
			isa = XCBuildConfiguration;
			buildSettings = {
				ALWAYS_EMBED_SWIFT_STANDARD_LIBRARIES = YES;
				BUNDLE_LOADER = "$(TEST_HOST)";
				CODE_SIGN_STYLE = Automatic;
				DEVELOPMENT_TEAM = FQ44R4777H;
				INFOPLIST_FILE = TechtaGramTests/Info.plist;
				LD_RUNPATH_SEARCH_PATHS = (
					"$(inherited)",
					"@executable_path/Frameworks",
					"@loader_path/Frameworks",
				);
				PRODUCT_BUNDLE_IDENTIFIER = com.mikukasahara.TechtaGramTests;
				PRODUCT_NAME = "$(TARGET_NAME)";
				SWIFT_VERSION = 5.0;
				TARGETED_DEVICE_FAMILY = "1,2";
				TEST_HOST = "$(BUILT_PRODUCTS_DIR)/TechtaGram.app/TechtaGram";
			};
			name = Debug;
		};
		5905CCD0232EE15500251BA4 /* Release */ = {
			isa = XCBuildConfiguration;
			buildSettings = {
				ALWAYS_EMBED_SWIFT_STANDARD_LIBRARIES = YES;
				BUNDLE_LOADER = "$(TEST_HOST)";
				CODE_SIGN_STYLE = Automatic;
				DEVELOPMENT_TEAM = FQ44R4777H;
				INFOPLIST_FILE = TechtaGramTests/Info.plist;
				LD_RUNPATH_SEARCH_PATHS = (
					"$(inherited)",
					"@executable_path/Frameworks",
					"@loader_path/Frameworks",
				);
				PRODUCT_BUNDLE_IDENTIFIER = com.mikukasahara.TechtaGramTests;
				PRODUCT_NAME = "$(TARGET_NAME)";
				SWIFT_VERSION = 5.0;
				TARGETED_DEVICE_FAMILY = "1,2";
				TEST_HOST = "$(BUILT_PRODUCTS_DIR)/TechtaGram.app/TechtaGram";
			};
			name = Release;
		};
		5905CCD2232EE15500251BA4 /* Debug */ = {
			isa = XCBuildConfiguration;
			buildSettings = {
				ALWAYS_EMBED_SWIFT_STANDARD_LIBRARIES = YES;
				CODE_SIGN_STYLE = Automatic;
				DEVELOPMENT_TEAM = FQ44R4777H;
				INFOPLIST_FILE = TechtaGramUITests/Info.plist;
				LD_RUNPATH_SEARCH_PATHS = (
					"$(inherited)",
					"@executable_path/Frameworks",
					"@loader_path/Frameworks",
				);
				PRODUCT_BUNDLE_IDENTIFIER = com.mikukasahara.TechtaGramUITests;
				PRODUCT_NAME = "$(TARGET_NAME)";
				SWIFT_VERSION = 5.0;
				TARGETED_DEVICE_FAMILY = "1,2";
				TEST_TARGET_NAME = TechtaGram;
			};
			name = Debug;
		};
		5905CCD3232EE15500251BA4 /* Release */ = {
			isa = XCBuildConfiguration;
			buildSettings = {
				ALWAYS_EMBED_SWIFT_STANDARD_LIBRARIES = YES;
				CODE_SIGN_STYLE = Automatic;
				DEVELOPMENT_TEAM = FQ44R4777H;
				INFOPLIST_FILE = TechtaGramUITests/Info.plist;
				LD_RUNPATH_SEARCH_PATHS = (
					"$(inherited)",
					"@executable_path/Frameworks",
					"@loader_path/Frameworks",
				);
				PRODUCT_BUNDLE_IDENTIFIER = com.mikukasahara.TechtaGramUITests;
				PRODUCT_NAME = "$(TARGET_NAME)";
				SWIFT_VERSION = 5.0;
				TARGETED_DEVICE_FAMILY = "1,2";
				TEST_TARGET_NAME = TechtaGram;
			};
			name = Release;
		};
/* End XCBuildConfiguration section */

/* Begin XCConfigurationList section */
		5905CC9E232EE15400251BA4 /* Build configuration list for PBXProject "TechtaGram" */ = {
			isa = XCConfigurationList;
			buildConfigurations = (
				5905CCC9232EE15500251BA4 /* Debug */,
				5905CCCA232EE15500251BA4 /* Release */,
			);
			defaultConfigurationIsVisible = 0;
			defaultConfigurationName = Release;
		};
		5905CCCB232EE15500251BA4 /* Build configuration list for PBXNativeTarget "TechtaGram" */ = {
			isa = XCConfigurationList;
			buildConfigurations = (
				5905CCCC232EE15500251BA4 /* Debug */,
				5905CCCD232EE15500251BA4 /* Release */,
			);
			defaultConfigurationIsVisible = 0;
			defaultConfigurationName = Release;
		};
		5905CCCE232EE15500251BA4 /* Build configuration list for PBXNativeTarget "TechtaGramTests" */ = {
			isa = XCConfigurationList;
			buildConfigurations = (
				5905CCCF232EE15500251BA4 /* Debug */,
				5905CCD0232EE15500251BA4 /* Release */,
			);
			defaultConfigurationIsVisible = 0;
			defaultConfigurationName = Release;
		};
		5905CCD1232EE15500251BA4 /* Build configuration list for PBXNativeTarget "TechtaGramUITests" */ = {
			isa = XCConfigurationList;
			buildConfigurations = (
				5905CCD2232EE15500251BA4 /* Debug */,
				5905CCD3232EE15500251BA4 /* Release */,
			);
			defaultConfigurationIsVisible = 0;
			defaultConfigurationName = Release;
		};
/* End XCConfigurationList section */
	};
	rootObject = 5905CC9B232EE15400251BA4 /* Project object */;
}
